
Microsoft Visual Studio Solution File, Format Version 12.00
# Visual Studio Version 17
VisualStudioVersion = 17.4.33403.182
MinimumVisualStudioVersion = 10.0.40219.1
Project("{FAE04EC0-301F-11D3-BF4B-00C04F79EFBC}") = "CodeProject1.Core", "CodeProject1.Core\CodeProject1.Core.csproj", "{F9C76763-8F28-4779-BB87-25C79E2663F8}"
EndProject
Project("{FAE04EC0-301F-11D3-BF4B-00C04F79EFBC}") = "CodeProject1", "CodeProject1\CodeProject1.csproj", "{F635B593-CFA2-4AD9-AD13-88CDBC707686}"
EndProject
Project("{FAE04EC0-301F-11D3-BF4B-00C04F79EFBC}") = "CodeProject1.Business", "CodeProject1.Business\CodeProject1.Business.csproj", "{C39F05A9-ECB1-48CA-81E5-D94EA1A08CE0}"
EndProject
Global
	GlobalSection(SolutionConfigurationPlatforms) = preSolution
		Debug|Any CPU = Debug|Any CPU
		Release|Any CPU = Release|Any CPU
	EndGlobalSection
	GlobalSection(ProjectConfigurationPlatforms) = postSolution
		{F9C76763-8F28-4779-BB87-25C79E2663F8}.Debug|Any CPU.ActiveCfg = Debug|Any CPU
		{F9C76763-8F28-4779-BB87-25C79E2663F8}.Debug|Any CPU.Build.0 = Debug|Any CPU
		{F9C76763-8F28-4779-BB87-25C79E2663F8}.Release|Any CPU.ActiveCfg = Release|Any CPU
		{F9C76763-8F28-4779-BB87-25C79E2663F8}.Release|Any CPU.Build.0 = Release|Any CPU
		{F635B593-CFA2-4AD9-AD13-88CDBC707686}.Debug|Any CPU.ActiveCfg = Debug|Any CPU
		{F635B593-CFA2-4AD9-AD13-88CDBC707686}.Debug|Any CPU.Build.0 = Debug|Any CPU
		{F635B593-CFA2-4AD9-AD13-88CDBC707686}.Release|Any CPU.ActiveCfg = Release|Any CPU
		{F635B593-CFA2-4AD9-AD13-88CDBC707686}.Release|Any CPU.Build.0 = Release|Any CPU
		{C39F05A9-ECB1-48CA-81E5-D94EA1A08CE0}.Debug|Any CPU.ActiveCfg = Debug|Any CPU
		{C39F05A9-ECB1-48CA-81E5-D94EA1A08CE0}.Debug|Any CPU.Build.0 = Debug|Any CPU
		{C39F05A9-ECB1-48CA-81E5-D94EA1A08CE0}.Release|Any CPU.ActiveCfg = Release|Any CPU
		{C39F05A9-ECB1-48CA-81E5-D94EA1A08CE0}.Release|Any CPU.Build.0 = Release|Any CPU
	EndGlobalSection
	GlobalSection(SolutionProperties) = preSolution
		HideSolutionNode = FALSE
	EndGlobalSection
	GlobalSection(ExtensibilityGlobals) = postSolution
		SolutionGuid = {57372974-591D-46CD-B3E1-5B9B1E21E4B4}
	EndGlobalSection
EndGlobal
